// !$*UTF8*$!
{
	archiveVersion = 1;
	classes = {
	};
	objectVersion = 46;
	objects = {

/* Begin PBXBuildFile section */
		74C9E0F52A2D7FC7B177A50F /* Pods_Guardioes.framework in Frameworks */ = {isa = PBXBuildFile; fileRef = 9A7D8DA959EFA38C677F8BE1 /* Pods_Guardioes.framework */; settings = {ATTRIBUTES = (Weak, ); }; };
		AA0161181B3D7999002307F9 /* RequestManager.swift in Sources */ = {isa = PBXBuildFile; fileRef = AA0161171B3D7999002307F9 /* RequestManager.swift */; };
		AA01611A1B3D79B0002307F9 /* StatusCode.swift in Sources */ = {isa = PBXBuildFile; fileRef = AA0161191B3D79B0002307F9 /* StatusCode.swift */; };
		AA01611C1B3D79C3002307F9 /* Constants.swift in Sources */ = {isa = PBXBuildFile; fileRef = AA01611B1B3D79C3002307F9 /* Constants.swift */; };
		AA19FE671B3EDAE7003010FC /* GoogleService-Info.plist in Resources */ = {isa = PBXBuildFile; fileRef = AA19FE661B3EDAE7003010FC /* GoogleService-Info.plist */; };
		AA5060701B3CB0B800FAD877 /* MenuCell.swift in Sources */ = {isa = PBXBuildFile; fileRef = AA50606E1B3CB0B800FAD877 /* MenuCell.swift */; };
		AA5060711B3CB0B800FAD877 /* MenuCell.xib in Resources */ = {isa = PBXBuildFile; fileRef = AA50606F1B3CB0B800FAD877 /* MenuCell.xib */; };
		AACD87161B3B6FBC00BF712E /* BaseViewController.swift in Sources */ = {isa = PBXBuildFile; fileRef = AACD87151B3B6FBC00BF712E /* BaseViewController.swift */; };
		AACD87241B3B7FE200BF712E /* Default-568h@2x.png in Resources */ = {isa = PBXBuildFile; fileRef = AACD87231B3B7FE200BF712E /* Default-568h@2x.png */; };
		AACD872C1B3C4D2100BF712E /* SplashViewController.swift in Sources */ = {isa = PBXBuildFile; fileRef = AACD872A1B3C4D2100BF712E /* SplashViewController.swift */; };
		AACD872D1B3C4D2100BF712E /* SplashViewController.xib in Resources */ = {isa = PBXBuildFile; fileRef = AACD872B1B3C4D2100BF712E /* SplashViewController.xib */; };
		AACD87301B3C5BB500BF712E /* WelcomeViewController.swift in Sources */ = {isa = PBXBuildFile; fileRef = AACD872E1B3C5BB500BF712E /* WelcomeViewController.swift */; };
		AACD87311B3C5BB500BF712E /* WelcomeViewController.xib in Resources */ = {isa = PBXBuildFile; fileRef = AACD872F1B3C5BB500BF712E /* WelcomeViewController.xib */; };
		AACD87341B3C5BCD00BF712E /* LoginViewController.swift in Sources */ = {isa = PBXBuildFile; fileRef = AACD87321B3C5BCD00BF712E /* LoginViewController.swift */; };
		AACD87351B3C5BCD00BF712E /* LoginViewController.xib in Resources */ = {isa = PBXBuildFile; fileRef = AACD87331B3C5BCD00BF712E /* LoginViewController.xib */; };
		AACD87381B3C5BFC00BF712E /* CreateAccountViewController.swift in Sources */ = {isa = PBXBuildFile; fileRef = AACD87361B3C5BFC00BF712E /* CreateAccountViewController.swift */; };
		AACD87391B3C5BFC00BF712E /* CreateAccountViewController.xib in Resources */ = {isa = PBXBuildFile; fileRef = AACD87371B3C5BFC00BF712E /* CreateAccountViewController.xib */; };
		AACD873C1B3C5C3A00BF712E /* MenuViewController.swift in Sources */ = {isa = PBXBuildFile; fileRef = AACD873A1B3C5C3A00BF712E /* MenuViewController.swift */; };
		AACD873D1B3C5C3A00BF712E /* MenuViewController.xib in Resources */ = {isa = PBXBuildFile; fileRef = AACD873B1B3C5C3A00BF712E /* MenuViewController.xib */; };
		AACD87401B3C5C5500BF712E /* MainViewController.swift in Sources */ = {isa = PBXBuildFile; fileRef = AACD873E1B3C5C5500BF712E /* MainViewController.swift */; };
		AACD87411B3C5C5500BF712E /* MainViewController.xib in Resources */ = {isa = PBXBuildFile; fileRef = AACD873F1B3C5C5500BF712E /* MainViewController.xib */; };
		AACD87491B3C778100BF712E /* Extension.swift in Sources */ = {isa = PBXBuildFile; fileRef = AACD87481B3C778100BF712E /* Extension.swift */; };
		AACD874C1B3C8A8D00BF712E /* SymptomViewController.swift in Sources */ = {isa = PBXBuildFile; fileRef = AACD874A1B3C8A8D00BF712E /* SymptomViewController.swift */; };
		AACD874D1B3C8A8D00BF712E /* SymptomViewController.xib in Resources */ = {isa = PBXBuildFile; fileRef = AACD874B1B3C8A8D00BF712E /* SymptomViewController.xib */; };
		AACD87501B3C8AA900BF712E /* StateViewController.swift in Sources */ = {isa = PBXBuildFile; fileRef = AACD874E1B3C8AA900BF712E /* StateViewController.swift */; };
		AACD87511B3C8AA900BF712E /* StateViewController.xib in Resources */ = {isa = PBXBuildFile; fileRef = AACD874F1B3C8AA900BF712E /* StateViewController.xib */; };
		AACD87541B3C8AC600BF712E /* SelectParticipantViewController.swift in Sources */ = {isa = PBXBuildFile; fileRef = AACD87521B3C8AC600BF712E /* SelectParticipantViewController.swift */; };
		AACD87551B3C8AC600BF712E /* SelectParticipantViewController.xib in Resources */ = {isa = PBXBuildFile; fileRef = AACD87531B3C8AC600BF712E /* SelectParticipantViewController.xib */; };
		AACD87581B3C8C4500BF712E /* AboutViewController.swift in Sources */ = {isa = PBXBuildFile; fileRef = AACD87561B3C8C4500BF712E /* AboutViewController.swift */; };
		AACD87591B3C8C4500BF712E /* AboutViewController.xib in Resources */ = {isa = PBXBuildFile; fileRef = AACD87571B3C8C4500BF712E /* AboutViewController.xib */; };
		AACD875C1B3C8C5F00BF712E /* HelpViewController.swift in Sources */ = {isa = PBXBuildFile; fileRef = AACD875A1B3C8C5F00BF712E /* HelpViewController.swift */; };
		AACD875D1B3C8C5F00BF712E /* HelpViewController.xib in Resources */ = {isa = PBXBuildFile; fileRef = AACD875B1B3C8C5F00BF712E /* HelpViewController.xib */; };
		AACD87601B3C8C7200BF712E /* ProfileViewController.swift in Sources */ = {isa = PBXBuildFile; fileRef = AACD875E1B3C8C7200BF712E /* ProfileViewController.swift */; };
		AACD87611B3C8C7200BF712E /* ProfileViewController.xib in Resources */ = {isa = PBXBuildFile; fileRef = AACD875F1B3C8C7200BF712E /* ProfileViewController.xib */; };
		AACD87641B3C8C9A00BF712E /* SettingsViewController.swift in Sources */ = {isa = PBXBuildFile; fileRef = AACD87621B3C8C9A00BF712E /* SettingsViewController.swift */; };
		AACD87651B3C8C9A00BF712E /* SettingsViewController.xib in Resources */ = {isa = PBXBuildFile; fileRef = AACD87631B3C8C9A00BF712E /* SettingsViewController.xib */; };
		AACD87681B3C8CC500BF712E /* NewsViewController.swift in Sources */ = {isa = PBXBuildFile; fileRef = AACD87661B3C8CC500BF712E /* NewsViewController.swift */; };
		AACD87691B3C8CC500BF712E /* NewsViewController.xib in Resources */ = {isa = PBXBuildFile; fileRef = AACD87671B3C8CC500BF712E /* NewsViewController.xib */; };
		AACD87721B3C8F9C00BF712E /* MapViewController.swift in Sources */ = {isa = PBXBuildFile; fileRef = AACD87701B3C8F9C00BF712E /* MapViewController.swift */; };
		AACD87731B3C8F9C00BF712E /* MapViewController.xib in Resources */ = {isa = PBXBuildFile; fileRef = AACD87711B3C8F9C00BF712E /* MapViewController.xib */; };
		AACD87761B3C8FB100BF712E /* TipViewController.swift in Sources */ = {isa = PBXBuildFile; fileRef = AACD87741B3C8FB100BF712E /* TipViewController.swift */; };
		AACD87771B3C8FB100BF712E /* TipViewController.xib in Resources */ = {isa = PBXBuildFile; fileRef = AACD87751B3C8FB100BF712E /* TipViewController.xib */; };
		AACD877A1B3C8FE700BF712E /* DiaryViewController.swift in Sources */ = {isa = PBXBuildFile; fileRef = AACD87781B3C8FE700BF712E /* DiaryViewController.swift */; };
		AACD877B1B3C8FE700BF712E /* DiaryViewController.xib in Resources */ = {isa = PBXBuildFile; fileRef = AACD87791B3C8FE700BF712E /* DiaryViewController.xib */; };
		AAEB6D951B3AEBB400DB52F9 /* AppDelegate.swift in Sources */ = {isa = PBXBuildFile; fileRef = AAEB6D941B3AEBB400DB52F9 /* AppDelegate.swift */; };
		AAEB6D9C1B3AEBB400DB52F9 /* Images.xcassets in Resources */ = {isa = PBXBuildFile; fileRef = AAEB6D9B1B3AEBB400DB52F9 /* Images.xcassets */; };
		AAEB6DAB1B3AEBB400DB52F9 /* GuardioesTests.swift in Sources */ = {isa = PBXBuildFile; fileRef = AAEB6DAA1B3AEBB400DB52F9 /* GuardioesTests.swift */; };
/* End PBXBuildFile section */

/* Begin PBXContainerItemProxy section */
		AAEB6DA51B3AEBB400DB52F9 /* PBXContainerItemProxy */ = {
			isa = PBXContainerItemProxy;
			containerPortal = AAEB6D871B3AEBB400DB52F9 /* Project object */;
			proxyType = 1;
			remoteGlobalIDString = AAEB6D8E1B3AEBB400DB52F9;
			remoteInfo = Guardioes;
		};
/* End PBXContainerItemProxy section */

/* Begin PBXFileReference section */
		2D14F9638E8FBB12491CBC89 /* Pods-Guardioes.release.xcconfig */ = {isa = PBXFileReference; includeInIndex = 1; lastKnownFileType = text.xcconfig; name = "Pods-Guardioes.release.xcconfig"; path = "Pods/Target Support Files/Pods-Guardioes/Pods-Guardioes.release.xcconfig"; sourceTree = "<group>"; };
		89A1C9EA1616FA93D7FD942C /* Pods-Guardioes.debug.xcconfig */ = {isa = PBXFileReference; includeInIndex = 1; lastKnownFileType = text.xcconfig; name = "Pods-Guardioes.debug.xcconfig"; path = "Pods/Target Support Files/Pods-Guardioes/Pods-Guardioes.debug.xcconfig"; sourceTree = "<group>"; };
		9A7D8DA959EFA38C677F8BE1 /* Pods_Guardioes.framework */ = {isa = PBXFileReference; explicitFileType = wrapper.framework; includeInIndex = 0; path = Pods_Guardioes.framework; sourceTree = BUILT_PRODUCTS_DIR; };
		AA0161171B3D7999002307F9 /* RequestManager.swift */ = {isa = PBXFileReference; fileEncoding = 4; lastKnownFileType = sourcecode.swift; path = RequestManager.swift; sourceTree = "<group>"; };
		AA0161191B3D79B0002307F9 /* StatusCode.swift */ = {isa = PBXFileReference; fileEncoding = 4; lastKnownFileType = sourcecode.swift; path = StatusCode.swift; sourceTree = "<group>"; };
		AA01611B1B3D79C3002307F9 /* Constants.swift */ = {isa = PBXFileReference; fileEncoding = 4; lastKnownFileType = sourcecode.swift; path = Constants.swift; sourceTree = "<group>"; };
		AA19FE661B3EDAE7003010FC /* GoogleService-Info.plist */ = {isa = PBXFileReference; fileEncoding = 4; lastKnownFileType = text.plist.xml; path = "GoogleService-Info.plist"; sourceTree = "<group>"; };
		AA50606E1B3CB0B800FAD877 /* MenuCell.swift */ = {isa = PBXFileReference; fileEncoding = 4; lastKnownFileType = sourcecode.swift; path = MenuCell.swift; sourceTree = "<group>"; };
		AA50606F1B3CB0B800FAD877 /* MenuCell.xib */ = {isa = PBXFileReference; fileEncoding = 4; lastKnownFileType = file.xib; path = MenuCell.xib; sourceTree = "<group>"; };
		AACD87151B3B6FBC00BF712E /* BaseViewController.swift */ = {isa = PBXFileReference; fileEncoding = 4; lastKnownFileType = sourcecode.swift; path = BaseViewController.swift; sourceTree = "<group>"; };
		AACD87231B3B7FE200BF712E /* Default-568h@2x.png */ = {isa = PBXFileReference; lastKnownFileType = image.png; path = "Default-568h@2x.png"; sourceTree = "<group>"; };
		AACD872A1B3C4D2100BF712E /* SplashViewController.swift */ = {isa = PBXFileReference; fileEncoding = 4; lastKnownFileType = sourcecode.swift; path = SplashViewController.swift; sourceTree = "<group>"; };
		AACD872B1B3C4D2100BF712E /* SplashViewController.xib */ = {isa = PBXFileReference; fileEncoding = 4; lastKnownFileType = file.xib; path = SplashViewController.xib; sourceTree = "<group>"; };
		AACD872E1B3C5BB500BF712E /* WelcomeViewController.swift */ = {isa = PBXFileReference; fileEncoding = 4; lastKnownFileType = sourcecode.swift; path = WelcomeViewController.swift; sourceTree = "<group>"; };
		AACD872F1B3C5BB500BF712E /* WelcomeViewController.xib */ = {isa = PBXFileReference; fileEncoding = 4; lastKnownFileType = file.xib; path = WelcomeViewController.xib; sourceTree = "<group>"; };
		AACD87321B3C5BCD00BF712E /* LoginViewController.swift */ = {isa = PBXFileReference; fileEncoding = 4; lastKnownFileType = sourcecode.swift; path = LoginViewController.swift; sourceTree = "<group>"; };
		AACD87331B3C5BCD00BF712E /* LoginViewController.xib */ = {isa = PBXFileReference; fileEncoding = 4; lastKnownFileType = file.xib; path = LoginViewController.xib; sourceTree = "<group>"; };
		AACD87361B3C5BFC00BF712E /* CreateAccountViewController.swift */ = {isa = PBXFileReference; fileEncoding = 4; lastKnownFileType = sourcecode.swift; path = CreateAccountViewController.swift; sourceTree = "<group>"; };
		AACD87371B3C5BFC00BF712E /* CreateAccountViewController.xib */ = {isa = PBXFileReference; fileEncoding = 4; lastKnownFileType = file.xib; path = CreateAccountViewController.xib; sourceTree = "<group>"; };
		AACD873A1B3C5C3A00BF712E /* MenuViewController.swift */ = {isa = PBXFileReference; fileEncoding = 4; lastKnownFileType = sourcecode.swift; name = MenuViewController.swift; path = Guardioes/View/Menu/MenuViewController.swift; sourceTree = SOURCE_ROOT; };
		AACD873B1B3C5C3A00BF712E /* MenuViewController.xib */ = {isa = PBXFileReference; fileEncoding = 4; lastKnownFileType = file.xib; path = MenuViewController.xib; sourceTree = "<group>"; };
		AACD873E1B3C5C5500BF712E /* MainViewController.swift */ = {isa = PBXFileReference; fileEncoding = 4; lastKnownFileType = sourcecode.swift; path = MainViewController.swift; sourceTree = "<group>"; };
		AACD873F1B3C5C5500BF712E /* MainViewController.xib */ = {isa = PBXFileReference; fileEncoding = 4; lastKnownFileType = file.xib; path = MainViewController.xib; sourceTree = "<group>"; };
		AACD87481B3C778100BF712E /* Extension.swift */ = {isa = PBXFileReference; fileEncoding = 4; lastKnownFileType = sourcecode.swift; path = Extension.swift; sourceTree = "<group>"; };
		AACD874A1B3C8A8D00BF712E /* SymptomViewController.swift */ = {isa = PBXFileReference; fileEncoding = 4; lastKnownFileType = sourcecode.swift; path = SymptomViewController.swift; sourceTree = "<group>"; };
		AACD874B1B3C8A8D00BF712E /* SymptomViewController.xib */ = {isa = PBXFileReference; fileEncoding = 4; lastKnownFileType = file.xib; path = SymptomViewController.xib; sourceTree = "<group>"; };
		AACD874E1B3C8AA900BF712E /* StateViewController.swift */ = {isa = PBXFileReference; fileEncoding = 4; lastKnownFileType = sourcecode.swift; path = StateViewController.swift; sourceTree = "<group>"; };
		AACD874F1B3C8AA900BF712E /* StateViewController.xib */ = {isa = PBXFileReference; fileEncoding = 4; lastKnownFileType = file.xib; path = StateViewController.xib; sourceTree = "<group>"; };
		AACD87521B3C8AC600BF712E /* SelectParticipantViewController.swift */ = {isa = PBXFileReference; fileEncoding = 4; lastKnownFileType = sourcecode.swift; path = SelectParticipantViewController.swift; sourceTree = "<group>"; };
		AACD87531B3C8AC600BF712E /* SelectParticipantViewController.xib */ = {isa = PBXFileReference; fileEncoding = 4; lastKnownFileType = file.xib; path = SelectParticipantViewController.xib; sourceTree = "<group>"; };
		AACD87561B3C8C4500BF712E /* AboutViewController.swift */ = {isa = PBXFileReference; fileEncoding = 4; lastKnownFileType = sourcecode.swift; path = AboutViewController.swift; sourceTree = "<group>"; };
		AACD87571B3C8C4500BF712E /* AboutViewController.xib */ = {isa = PBXFileReference; fileEncoding = 4; lastKnownFileType = file.xib; path = AboutViewController.xib; sourceTree = "<group>"; };
		AACD875A1B3C8C5F00BF712E /* HelpViewController.swift */ = {isa = PBXFileReference; fileEncoding = 4; lastKnownFileType = sourcecode.swift; path = HelpViewController.swift; sourceTree = "<group>"; };
		AACD875B1B3C8C5F00BF712E /* HelpViewController.xib */ = {isa = PBXFileReference; fileEncoding = 4; lastKnownFileType = file.xib; path = HelpViewController.xib; sourceTree = "<group>"; };
		AACD875E1B3C8C7200BF712E /* ProfileViewController.swift */ = {isa = PBXFileReference; fileEncoding = 4; lastKnownFileType = sourcecode.swift; path = ProfileViewController.swift; sourceTree = "<group>"; };
		AACD875F1B3C8C7200BF712E /* ProfileViewController.xib */ = {isa = PBXFileReference; fileEncoding = 4; lastKnownFileType = file.xib; path = ProfileViewController.xib; sourceTree = "<group>"; };
		AACD87621B3C8C9A00BF712E /* SettingsViewController.swift */ = {isa = PBXFileReference; fileEncoding = 4; lastKnownFileType = sourcecode.swift; path = SettingsViewController.swift; sourceTree = "<group>"; };
		AACD87631B3C8C9A00BF712E /* SettingsViewController.xib */ = {isa = PBXFileReference; fileEncoding = 4; lastKnownFileType = file.xib; path = SettingsViewController.xib; sourceTree = "<group>"; };
		AACD87661B3C8CC500BF712E /* NewsViewController.swift */ = {isa = PBXFileReference; fileEncoding = 4; lastKnownFileType = sourcecode.swift; path = NewsViewController.swift; sourceTree = "<group>"; };
		AACD87671B3C8CC500BF712E /* NewsViewController.xib */ = {isa = PBXFileReference; fileEncoding = 4; lastKnownFileType = file.xib; path = NewsViewController.xib; sourceTree = "<group>"; };
		AACD87701B3C8F9C00BF712E /* MapViewController.swift */ = {isa = PBXFileReference; fileEncoding = 4; lastKnownFileType = sourcecode.swift; path = MapViewController.swift; sourceTree = "<group>"; };
		AACD87711B3C8F9C00BF712E /* MapViewController.xib */ = {isa = PBXFileReference; fileEncoding = 4; lastKnownFileType = file.xib; path = MapViewController.xib; sourceTree = "<group>"; };
		AACD87741B3C8FB100BF712E /* TipViewController.swift */ = {isa = PBXFileReference; fileEncoding = 4; lastKnownFileType = sourcecode.swift; path = TipViewController.swift; sourceTree = "<group>"; };
		AACD87751B3C8FB100BF712E /* TipViewController.xib */ = {isa = PBXFileReference; fileEncoding = 4; lastKnownFileType = file.xib; path = TipViewController.xib; sourceTree = "<group>"; };
		AACD87781B3C8FE700BF712E /* DiaryViewController.swift */ = {isa = PBXFileReference; fileEncoding = 4; lastKnownFileType = sourcecode.swift; path = DiaryViewController.swift; sourceTree = "<group>"; };
		AACD87791B3C8FE700BF712E /* DiaryViewController.xib */ = {isa = PBXFileReference; fileEncoding = 4; lastKnownFileType = file.xib; path = DiaryViewController.xib; sourceTree = "<group>"; };
		AAEB6D8F1B3AEBB400DB52F9 /* Guardioes.app */ = {isa = PBXFileReference; explicitFileType = wrapper.application; includeInIndex = 0; path = Guardioes.app; sourceTree = BUILT_PRODUCTS_DIR; };
		AAEB6D931B3AEBB400DB52F9 /* Info.plist */ = {isa = PBXFileReference; lastKnownFileType = text.plist.xml; path = Info.plist; sourceTree = "<group>"; };
		AAEB6D941B3AEBB400DB52F9 /* AppDelegate.swift */ = {isa = PBXFileReference; lastKnownFileType = sourcecode.swift; path = AppDelegate.swift; sourceTree = "<group>"; };
		AAEB6D9B1B3AEBB400DB52F9 /* Images.xcassets */ = {isa = PBXFileReference; lastKnownFileType = folder.assetcatalog; path = Images.xcassets; sourceTree = "<group>"; };
		AAEB6DA41B3AEBB400DB52F9 /* GuardioesTests.xctest */ = {isa = PBXFileReference; explicitFileType = wrapper.cfbundle; includeInIndex = 0; path = GuardioesTests.xctest; sourceTree = BUILT_PRODUCTS_DIR; };
		AAEB6DA91B3AEBB400DB52F9 /* Info.plist */ = {isa = PBXFileReference; lastKnownFileType = text.plist.xml; path = Info.plist; sourceTree = "<group>"; };
		AAEB6DAA1B3AEBB400DB52F9 /* GuardioesTests.swift */ = {isa = PBXFileReference; lastKnownFileType = sourcecode.swift; path = GuardioesTests.swift; sourceTree = "<group>"; };
/* End PBXFileReference section */

/* Begin PBXFrameworksBuildPhase section */
		AAEB6D8C1B3AEBB400DB52F9 /* Frameworks */ = {
			isa = PBXFrameworksBuildPhase;
			buildActionMask = 2147483647;
			files = (
				74C9E0F52A2D7FC7B177A50F /* Pods_Guardioes.framework in Frameworks */,
			);
			runOnlyForDeploymentPostprocessing = 0;
		};
		AAEB6DA11B3AEBB400DB52F9 /* Frameworks */ = {
			isa = PBXFrameworksBuildPhase;
			buildActionMask = 2147483647;
			files = (
			);
			runOnlyForDeploymentPostprocessing = 0;
		};
/* End PBXFrameworksBuildPhase section */

/* Begin PBXGroup section */
		3074C6859FC6293612A70C39 /* Pods */ = {
			isa = PBXGroup;
			children = (
				89A1C9EA1616FA93D7FD942C /* Pods-Guardioes.debug.xcconfig */,
				2D14F9638E8FBB12491CBC89 /* Pods-Guardioes.release.xcconfig */,
			);
			name = Pods;
			sourceTree = "<group>";
		};
		62F3AF66A523C073B98523B1 /* Frameworks */ = {
			isa = PBXGroup;
			children = (
				9A7D8DA959EFA38C677F8BE1 /* Pods_Guardioes.framework */,
			);
			name = Frameworks;
			sourceTree = "<group>";
		};
		AA6B5D0C1B3F017C001E5C53 /* Library */ = {
			isa = PBXGroup;
			children = (
			);
			path = Library;
			sourceTree = "<group>";
		};
		AACD871D1B3B714E00BF712E /* View */ = {
			isa = PBXGroup;
			children = (
				AACD87471B3C5D8F00BF712E /* Survey */,
				AACD87461B3C5D8A00BF712E /* Menu */,
				AACD87451B3C5D8000BF712E /* Account */,
				AACD87151B3B6FBC00BF712E /* BaseViewController.swift */,
				AACD872A1B3C4D2100BF712E /* SplashViewController.swift */,
				AACD872E1B3C5BB500BF712E /* WelcomeViewController.swift */,
				AACD872F1B3C5BB500BF712E /* WelcomeViewController.xib */,
				AACD873E1B3C5C5500BF712E /* MainViewController.swift */,
				AACD873F1B3C5C5500BF712E /* MainViewController.xib */,
				AACD87661B3C8CC500BF712E /* NewsViewController.swift */,
				AACD87671B3C8CC500BF712E /* NewsViewController.xib */,
				AACD87701B3C8F9C00BF712E /* MapViewController.swift */,
				AACD87711B3C8F9C00BF712E /* MapViewController.xib */,
				AACD87741B3C8FB100BF712E /* TipViewController.swift */,
				AACD87751B3C8FB100BF712E /* TipViewController.xib */,
				AACD87781B3C8FE700BF712E /* DiaryViewController.swift */,
				AACD87791B3C8FE700BF712E /* DiaryViewController.xib */,
			);
			path = View;
			sourceTree = "<group>";
		};
		AACD871E1B3B715700BF712E /* Request */ = {
			isa = PBXGroup;
			children = (
				AA0161171B3D7999002307F9 /* RequestManager.swift */,
				AA0161191B3D79B0002307F9 /* StatusCode.swift */,
			);
			path = Request;
			sourceTree = "<group>";
		};
		AACD871F1B3B715C00BF712E /* Manager */ = {
			isa = PBXGroup;
			children = (
				AACD87481B3C778100BF712E /* Extension.swift */,
			);
			path = Manager;
			sourceTree = "<group>";
		};
		AACD87201B3B716200BF712E /* Utility */ = {
			isa = PBXGroup;
			children = (
				AA01611B1B3D79C3002307F9 /* Constants.swift */,
			);
			path = Utility;
			sourceTree = "<group>";
		};
		AACD87291B3B8E9200BF712E /* Layout */ = {
			isa = PBXGroup;
			children = (
				AACD87441B3C5D7600BF712E /* Survey */,
				AACD87431B3C5D7100BF712E /* Menu */,
				AACD87421B3C5D6C00BF712E /* Account */,
				AACD872B1B3C4D2100BF712E /* SplashViewController.xib */,
			);
			path = Layout;
			sourceTree = "<group>";
		};
		AACD87421B3C5D6C00BF712E /* Account */ = {
			isa = PBXGroup;
			children = (
				AACD87371B3C5BFC00BF712E /* CreateAccountViewController.xib */,
				AACD87331B3C5BCD00BF712E /* LoginViewController.xib */,
			);
			path = Account;
			sourceTree = "<group>";
		};
		AACD87431B3C5D7100BF712E /* Menu */ = {
			isa = PBXGroup;
			children = (
				AACD873B1B3C5C3A00BF712E /* MenuViewController.xib */,
				AACD87571B3C8C4500BF712E /* AboutViewController.xib */,
				AACD875B1B3C8C5F00BF712E /* HelpViewController.xib */,
				AACD875F1B3C8C7200BF712E /* ProfileViewController.xib */,
				AACD87631B3C8C9A00BF712E /* SettingsViewController.xib */,
			);
			path = Menu;
			sourceTree = "<group>";
		};
		AACD87441B3C5D7600BF712E /* Survey */ = {
			isa = PBXGroup;
			children = (
				AACD874B1B3C8A8D00BF712E /* SymptomViewController.xib */,
				AACD874F1B3C8AA900BF712E /* StateViewController.xib */,
				AACD87531B3C8AC600BF712E /* SelectParticipantViewController.xib */,
			);
			path = Survey;
			sourceTree = "<group>";
		};
		AACD87451B3C5D8000BF712E /* Account */ = {
			isa = PBXGroup;
			children = (
				AACD87321B3C5BCD00BF712E /* LoginViewController.swift */,
				AACD87361B3C5BFC00BF712E /* CreateAccountViewController.swift */,
			);
			path = Account;
			sourceTree = "<group>";
		};
		AACD87461B3C5D8A00BF712E /* Menu */ = {
			isa = PBXGroup;
			children = (
				AACD873A1B3C5C3A00BF712E /* MenuViewController.swift */,
				AACD87561B3C8C4500BF712E /* AboutViewController.swift */,
				AACD875A1B3C8C5F00BF712E /* HelpViewController.swift */,
				AACD875E1B3C8C7200BF712E /* ProfileViewController.swift */,
				AACD87621B3C8C9A00BF712E /* SettingsViewController.swift */,
				AA50606E1B3CB0B800FAD877 /* MenuCell.swift */,
				AA50606F1B3CB0B800FAD877 /* MenuCell.xib */,
			);
			path = Menu;
			sourceTree = "<group>";
		};
		AACD87471B3C5D8F00BF712E /* Survey */ = {
			isa = PBXGroup;
			children = (
				AACD874A1B3C8A8D00BF712E /* SymptomViewController.swift */,
				AACD874E1B3C8AA900BF712E /* StateViewController.swift */,
				AACD87521B3C8AC600BF712E /* SelectParticipantViewController.swift */,
			);
			path = Survey;
			sourceTree = "<group>";
		};
		AAEB6D861B3AEBB400DB52F9 = {
			isa = PBXGroup;
			children = (
				AA6B5D0C1B3F017C001E5C53 /* Library */,
				AACD87231B3B7FE200BF712E /* Default-568h@2x.png */,
				AAEB6D911B3AEBB400DB52F9 /* Guardioes */,
				AAEB6DA71B3AEBB400DB52F9 /* GuardioesTests */,
				AAEB6D901B3AEBB400DB52F9 /* Products */,
				3074C6859FC6293612A70C39 /* Pods */,
				62F3AF66A523C073B98523B1 /* Frameworks */,
			);
			sourceTree = "<group>";
		};
		AAEB6D901B3AEBB400DB52F9 /* Products */ = {
			isa = PBXGroup;
			children = (
				AAEB6D8F1B3AEBB400DB52F9 /* Guardioes.app */,
				AAEB6DA41B3AEBB400DB52F9 /* GuardioesTests.xctest */,
			);
			name = Products;
			sourceTree = "<group>";
		};
		AAEB6D911B3AEBB400DB52F9 /* Guardioes */ = {
			isa = PBXGroup;
			children = (
				AACD87291B3B8E9200BF712E /* Layout */,
				AACD87201B3B716200BF712E /* Utility */,
				AACD871F1B3B715C00BF712E /* Manager */,
				AACD871E1B3B715700BF712E /* Request */,
				AACD871D1B3B714E00BF712E /* View */,
				AAEB6D941B3AEBB400DB52F9 /* AppDelegate.swift */,
				AAEB6D9B1B3AEBB400DB52F9 /* Images.xcassets */,
				AAEB6D921B3AEBB400DB52F9 /* Supporting Files */,
			);
			path = Guardioes;
			sourceTree = "<group>";
		};
		AAEB6D921B3AEBB400DB52F9 /* Supporting Files */ = {
			isa = PBXGroup;
			children = (
				AA19FE661B3EDAE7003010FC /* GoogleService-Info.plist */,
				AAEB6D931B3AEBB400DB52F9 /* Info.plist */,
			);
			name = "Supporting Files";
			sourceTree = "<group>";
		};
		AAEB6DA71B3AEBB400DB52F9 /* GuardioesTests */ = {
			isa = PBXGroup;
			children = (
				AAEB6DAA1B3AEBB400DB52F9 /* GuardioesTests.swift */,
				AAEB6DA81B3AEBB400DB52F9 /* Supporting Files */,
			);
			path = GuardioesTests;
			sourceTree = "<group>";
		};
		AAEB6DA81B3AEBB400DB52F9 /* Supporting Files */ = {
			isa = PBXGroup;
			children = (
				AAEB6DA91B3AEBB400DB52F9 /* Info.plist */,
			);
			name = "Supporting Files";
			sourceTree = "<group>";
		};
/* End PBXGroup section */

/* Begin PBXNativeTarget section */
		AAEB6D8E1B3AEBB400DB52F9 /* Guardioes */ = {
			isa = PBXNativeTarget;
			buildConfigurationList = AAEB6DAE1B3AEBB400DB52F9 /* Build configuration list for PBXNativeTarget "Guardioes" */;
			buildPhases = (
				D5F9753B5ED0F20370C0BBDF /* Check Pods Manifest.lock */,
				AAEB6D8B1B3AEBB400DB52F9 /* Sources */,
				AAEB6D8C1B3AEBB400DB52F9 /* Frameworks */,
				AAEB6D8D1B3AEBB400DB52F9 /* Resources */,
				701C2E6A76153034CE37441A /* Embed Pods Frameworks */,
				526A50436BAED03C5BE4DF06 /* Copy Pods Resources */,
			);
			buildRules = (
			);
			dependencies = (
			);
			name = Guardioes;
			productName = Guardioes;
			productReference = AAEB6D8F1B3AEBB400DB52F9 /* Guardioes.app */;
			productType = "com.apple.product-type.application";
		};
		AAEB6DA31B3AEBB400DB52F9 /* GuardioesTests */ = {
			isa = PBXNativeTarget;
			buildConfigurationList = AAEB6DB11B3AEBB400DB52F9 /* Build configuration list for PBXNativeTarget "GuardioesTests" */;
			buildPhases = (
				AAEB6DA01B3AEBB400DB52F9 /* Sources */,
				AAEB6DA11B3AEBB400DB52F9 /* Frameworks */,
				AAEB6DA21B3AEBB400DB52F9 /* Resources */,
			);
			buildRules = (
			);
			dependencies = (
				AAEB6DA61B3AEBB400DB52F9 /* PBXTargetDependency */,
			);
			name = GuardioesTests;
			productName = GuardioesTests;
			productReference = AAEB6DA41B3AEBB400DB52F9 /* GuardioesTests.xctest */;
			productType = "com.apple.product-type.bundle.unit-test";
		};
/* End PBXNativeTarget section */

/* Begin PBXProject section */
		AAEB6D871B3AEBB400DB52F9 /* Project object */ = {
			isa = PBXProject;
			attributes = {
				LastUpgradeCheck = 0630;
				ORGANIZATIONNAME = Epitrack;
				TargetAttributes = {
					AAEB6D8E1B3AEBB400DB52F9 = {
						CreatedOnToolsVersion = 6.3.2;
					};
					AAEB6DA31B3AEBB400DB52F9 = {
						CreatedOnToolsVersion = 6.3.2;
						TestTargetID = AAEB6D8E1B3AEBB400DB52F9;
					};
				};
			};
			buildConfigurationList = AAEB6D8A1B3AEBB400DB52F9 /* Build configuration list for PBXProject "Guardioes" */;
			compatibilityVersion = "Xcode 3.2";
			developmentRegion = English;
			hasScannedForEncodings = 0;
			knownRegions = (
				en,
				Base,
			);
			mainGroup = AAEB6D861B3AEBB400DB52F9;
			productRefGroup = AAEB6D901B3AEBB400DB52F9 /* Products */;
			projectDirPath = "";
			projectRoot = "";
			targets = (
				AAEB6D8E1B3AEBB400DB52F9 /* Guardioes */,
				AAEB6DA31B3AEBB400DB52F9 /* GuardioesTests */,
			);
		};
/* End PBXProject section */

/* Begin PBXResourcesBuildPhase section */
		AAEB6D8D1B3AEBB400DB52F9 /* Resources */ = {
			isa = PBXResourcesBuildPhase;
			buildActionMask = 2147483647;
			files = (
				AACD87611B3C8C7200BF712E /* ProfileViewController.xib in Resources */,
				AACD87511B3C8AA900BF712E /* StateViewController.xib in Resources */,
				AA5060711B3CB0B800FAD877 /* MenuCell.xib in Resources */,
				AACD87351B3C5BCD00BF712E /* LoginViewController.xib in Resources */,
				AACD87691B3C8CC500BF712E /* NewsViewController.xib in Resources */,
				AAEB6D9C1B3AEBB400DB52F9 /* Images.xcassets in Resources */,
				AACD87651B3C8C9A00BF712E /* SettingsViewController.xib in Resources */,
				AACD87771B3C8FB100BF712E /* TipViewController.xib in Resources */,
				AACD87731B3C8F9C00BF712E /* MapViewController.xib in Resources */,
				AACD87551B3C8AC600BF712E /* SelectParticipantViewController.xib in Resources */,
				AACD87391B3C5BFC00BF712E /* CreateAccountViewController.xib in Resources */,
				AACD87411B3C5C5500BF712E /* MainViewController.xib in Resources */,
				AACD87311B3C5BB500BF712E /* WelcomeViewController.xib in Resources */,
				AACD872D1B3C4D2100BF712E /* SplashViewController.xib in Resources */,
				AACD874D1B3C8A8D00BF712E /* SymptomViewController.xib in Resources */,
				AACD875D1B3C8C5F00BF712E /* HelpViewController.xib in Resources */,
				AACD873D1B3C5C3A00BF712E /* MenuViewController.xib in Resources */,
				AACD87591B3C8C4500BF712E /* AboutViewController.xib in Resources */,
				AACD877B1B3C8FE700BF712E /* DiaryViewController.xib in Resources */,
				AACD87241B3B7FE200BF712E /* Default-568h@2x.png in Resources */,
				AA19FE671B3EDAE7003010FC /* GoogleService-Info.plist in Resources */,
			);
			runOnlyForDeploymentPostprocessing = 0;
		};
		AAEB6DA21B3AEBB400DB52F9 /* Resources */ = {
			isa = PBXResourcesBuildPhase;
			buildActionMask = 2147483647;
			files = (
			);
			runOnlyForDeploymentPostprocessing = 0;
		};
/* End PBXResourcesBuildPhase section */

/* Begin PBXShellScriptBuildPhase section */
		526A50436BAED03C5BE4DF06 /* Copy Pods Resources */ = {
			isa = PBXShellScriptBuildPhase;
			buildActionMask = 2147483647;
			files = (
			);
			inputPaths = (
			);
			name = "Copy Pods Resources";
			outputPaths = (
			);
			runOnlyForDeploymentPostprocessing = 0;
			shellPath = /bin/sh;
			shellScript = "\"${SRCROOT}/Pods/Target Support Files/Pods-Guardioes/Pods-Guardioes-resources.sh\"\n";
			showEnvVarsInLog = 0;
		};
		701C2E6A76153034CE37441A /* Embed Pods Frameworks */ = {
			isa = PBXShellScriptBuildPhase;
			buildActionMask = 2147483647;
			files = (
			);
			inputPaths = (
			);
			name = "Embed Pods Frameworks";
			outputPaths = (
			);
			runOnlyForDeploymentPostprocessing = 0;
			shellPath = /bin/sh;
			shellScript = "\"${SRCROOT}/Pods/Target Support Files/Pods-Guardioes/Pods-Guardioes-frameworks.sh\"\n";
			showEnvVarsInLog = 0;
		};
		D5F9753B5ED0F20370C0BBDF /* Check Pods Manifest.lock */ = {
			isa = PBXShellScriptBuildPhase;
			buildActionMask = 2147483647;
			files = (
			);
			inputPaths = (
			);
			name = "Check Pods Manifest.lock";
			outputPaths = (
			);
			runOnlyForDeploymentPostprocessing = 0;
			shellPath = /bin/sh;
			shellScript = "diff \"${PODS_ROOT}/../Podfile.lock\" \"${PODS_ROOT}/Manifest.lock\" > /dev/null\nif [[ $? != 0 ]] ; then\n    cat << EOM\nerror: The sandbox is not in sync with the Podfile.lock. Run 'pod install' or update your CocoaPods installation.\nEOM\n    exit 1\nfi\n";
			showEnvVarsInLog = 0;
		};
/* End PBXShellScriptBuildPhase section */

/* Begin PBXSourcesBuildPhase section */
		AAEB6D8B1B3AEBB400DB52F9 /* Sources */ = {
			isa = PBXSourcesBuildPhase;
			buildActionMask = 2147483647;
			files = (
				AA01611A1B3D79B0002307F9 /* StatusCode.swift in Sources */,
				AACD87491B3C778100BF712E /* Extension.swift in Sources */,
				AACD87381B3C5BFC00BF712E /* CreateAccountViewController.swift in Sources */,
				AACD87541B3C8AC600BF712E /* SelectParticipantViewController.swift in Sources */,
				AACD87341B3C5BCD00BF712E /* LoginViewController.swift in Sources */,
				AACD87301B3C5BB500BF712E /* WelcomeViewController.swift in Sources */,
				AAEB6D951B3AEBB400DB52F9 /* AppDelegate.swift in Sources */,
				AACD87161B3B6FBC00BF712E /* BaseViewController.swift in Sources */,
				AA0161181B3D7999002307F9 /* RequestManager.swift in Sources */,
				AACD87641B3C8C9A00BF712E /* SettingsViewController.swift in Sources */,
				AACD875C1B3C8C5F00BF712E /* HelpViewController.swift in Sources */,
				AACD872C1B3C4D2100BF712E /* SplashViewController.swift in Sources */,
				AACD873C1B3C5C3A00BF712E /* MenuViewController.swift in Sources */,
				AACD874C1B3C8A8D00BF712E /* SymptomViewController.swift in Sources */,
				AACD87681B3C8CC500BF712E /* NewsViewController.swift in Sources */,
				AACD87721B3C8F9C00BF712E /* MapViewController.swift in Sources */,
				AA5060701B3CB0B800FAD877 /* MenuCell.swift in Sources */,
				AACD87401B3C5C5500BF712E /* MainViewController.swift in Sources */,
				AACD87601B3C8C7200BF712E /* ProfileViewController.swift in Sources */,
				AACD877A1B3C8FE700BF712E /* DiaryViewController.swift in Sources */,
				AACD87761B3C8FB100BF712E /* TipViewController.swift in Sources */,
				AACD87581B3C8C4500BF712E /* AboutViewController.swift in Sources */,
				AACD87501B3C8AA900BF712E /* StateViewController.swift in Sources */,
				AA01611C1B3D79C3002307F9 /* Constants.swift in Sources */,
			);
			runOnlyForDeploymentPostprocessing = 0;
		};
		AAEB6DA01B3AEBB400DB52F9 /* Sources */ = {
			isa = PBXSourcesBuildPhase;
			buildActionMask = 2147483647;
			files = (
				AAEB6DAB1B3AEBB400DB52F9 /* GuardioesTests.swift in Sources */,
			);
			runOnlyForDeploymentPostprocessing = 0;
		};
/* End PBXSourcesBuildPhase section */

/* Begin PBXTargetDependency section */
		AAEB6DA61B3AEBB400DB52F9 /* PBXTargetDependency */ = {
			isa = PBXTargetDependency;
			target = AAEB6D8E1B3AEBB400DB52F9 /* Guardioes */;
			targetProxy = AAEB6DA51B3AEBB400DB52F9 /* PBXContainerItemProxy */;
		};
/* End PBXTargetDependency section */

/* Begin XCBuildConfiguration section */
		AAEB6DAC1B3AEBB400DB52F9 /* Debug */ = {
			isa = XCBuildConfiguration;
			buildSettings = {
				ALWAYS_SEARCH_USER_PATHS = NO;
				CLANG_CXX_LANGUAGE_STANDARD = "gnu++0x";
				CLANG_CXX_LIBRARY = "libc++";
				CLANG_ENABLE_MODULES = YES;
				CLANG_ENABLE_OBJC_ARC = YES;
				CLANG_WARN_BOOL_CONVERSION = YES;
				CLANG_WARN_CONSTANT_CONVERSION = YES;
				CLANG_WARN_DIRECT_OBJC_ISA_USAGE = YES_ERROR;
				CLANG_WARN_EMPTY_BODY = YES;
				CLANG_WARN_ENUM_CONVERSION = YES;
				CLANG_WARN_INT_CONVERSION = YES;
				CLANG_WARN_OBJC_ROOT_CLASS = YES_ERROR;
				CLANG_WARN_UNREACHABLE_CODE = YES;
				CLANG_WARN__DUPLICATE_METHOD_MATCH = YES;
				"CODE_SIGN_IDENTITY[sdk=iphoneos*]" = "iPhone Developer";
				COPY_PHASE_STRIP = NO;
				DEBUG_INFORMATION_FORMAT = "dwarf-with-dsym";
				ENABLE_STRICT_OBJC_MSGSEND = YES;
				GCC_C_LANGUAGE_STANDARD = gnu99;
				GCC_DYNAMIC_NO_PIC = NO;
				GCC_NO_COMMON_BLOCKS = YES;
				GCC_OPTIMIZATION_LEVEL = 0;
				GCC_PREPROCESSOR_DEFINITIONS = (
					"DEBUG=1",
					"$(inherited)",
				);
				GCC_SYMBOLS_PRIVATE_EXTERN = NO;
				GCC_WARN_64_TO_32_BIT_CONVERSION = YES;
				GCC_WARN_ABOUT_RETURN_TYPE = YES_ERROR;
				GCC_WARN_UNDECLARED_SELECTOR = YES;
				GCC_WARN_UNINITIALIZED_AUTOS = YES_AGGRESSIVE;
				GCC_WARN_UNUSED_FUNCTION = YES;
				GCC_WARN_UNUSED_VARIABLE = YES;
				IPHONEOS_DEPLOYMENT_TARGET = 8.3;
				MTL_ENABLE_DEBUG_INFO = YES;
				ONLY_ACTIVE_ARCH = YES;
				SDKROOT = iphoneos;
				SWIFT_OPTIMIZATION_LEVEL = "-Onone";
			};
			name = Debug;
		};
		AAEB6DAD1B3AEBB400DB52F9 /* Release */ = {
			isa = XCBuildConfiguration;
			buildSettings = {
				ALWAYS_SEARCH_USER_PATHS = NO;
				CLANG_CXX_LANGUAGE_STANDARD = "gnu++0x";
				CLANG_CXX_LIBRARY = "libc++";
				CLANG_ENABLE_MODULES = YES;
				CLANG_ENABLE_OBJC_ARC = YES;
				CLANG_WARN_BOOL_CONVERSION = YES;
				CLANG_WARN_CONSTANT_CONVERSION = YES;
				CLANG_WARN_DIRECT_OBJC_ISA_USAGE = YES_ERROR;
				CLANG_WARN_EMPTY_BODY = YES;
				CLANG_WARN_ENUM_CONVERSION = YES;
				CLANG_WARN_INT_CONVERSION = YES;
				CLANG_WARN_OBJC_ROOT_CLASS = YES_ERROR;
				CLANG_WARN_UNREACHABLE_CODE = YES;
				CLANG_WARN__DUPLICATE_METHOD_MATCH = YES;
				"CODE_SIGN_IDENTITY[sdk=iphoneos*]" = "iPhone Developer";
				COPY_PHASE_STRIP = NO;
				DEBUG_INFORMATION_FORMAT = "dwarf-with-dsym";
				ENABLE_NS_ASSERTIONS = NO;
				ENABLE_STRICT_OBJC_MSGSEND = YES;
				GCC_C_LANGUAGE_STANDARD = gnu99;
				GCC_NO_COMMON_BLOCKS = YES;
				GCC_WARN_64_TO_32_BIT_CONVERSION = YES;
				GCC_WARN_ABOUT_RETURN_TYPE = YES_ERROR;
				GCC_WARN_UNDECLARED_SELECTOR = YES;
				GCC_WARN_UNINITIALIZED_AUTOS = YES_AGGRESSIVE;
				GCC_WARN_UNUSED_FUNCTION = YES;
				GCC_WARN_UNUSED_VARIABLE = YES;
				IPHONEOS_DEPLOYMENT_TARGET = 8.3;
				MTL_ENABLE_DEBUG_INFO = NO;
				SDKROOT = iphoneos;
				VALIDATE_PRODUCT = YES;
			};
			name = Release;
		};
		AAEB6DAF1B3AEBB400DB52F9 /* Debug */ = {
			isa = XCBuildConfiguration;
			baseConfigurationReference = 89A1C9EA1616FA93D7FD942C /* Pods-Guardioes.debug.xcconfig */;
			buildSettings = {
				ASSETCATALOG_COMPILER_APPICON_NAME = AppIcon;
				INFOPLIST_FILE = Guardioes/Info.plist;
				LD_RUNPATH_SEARCH_PATHS = "$(inherited) @executable_path/Frameworks";
				PRODUCT_NAME = "$(TARGET_NAME)";
			};
			name = Debug;
		};
		AAEB6DB01B3AEBB400DB52F9 /* Release */ = {
			isa = XCBuildConfiguration;
			baseConfigurationReference = 2D14F9638E8FBB12491CBC89 /* Pods-Guardioes.release.xcconfig */;
			buildSettings = {
				ASSETCATALOG_COMPILER_APPICON_NAME = AppIcon;
				INFOPLIST_FILE = Guardioes/Info.plist;
				LD_RUNPATH_SEARCH_PATHS = "$(inherited) @executable_path/Frameworks";
				PRODUCT_NAME = "$(TARGET_NAME)";
			};
			name = Release;
		};
		AAEB6DB21B3AEBB400DB52F9 /* Debug */ = {
			isa = XCBuildConfiguration;
			buildSettings = {
				BUNDLE_LOADER = "$(TEST_HOST)";
				FRAMEWORK_SEARCH_PATHS = (
					"$(SDKROOT)/Developer/Library/Frameworks",
					"$(inherited)",
				);
				GCC_PREPROCESSOR_DEFINITIONS = (
					"DEBUG=1",
					"$(inherited)",
				);
				INFOPLIST_FILE = GuardioesTests/Info.plist;
				LD_RUNPATH_SEARCH_PATHS = "$(inherited) @executable_path/Frameworks @loader_path/Frameworks";
				PRODUCT_NAME = "$(TARGET_NAME)";
				TEST_HOST = "$(BUILT_PRODUCTS_DIR)/Guardioes.app/Guardioes";
			};
			name = Debug;
		};
		AAEB6DB31B3AEBB400DB52F9 /* Release */ = {
			isa = XCBuildConfiguration;
			buildSettings = {
				BUNDLE_LOADER = "$(TEST_HOST)";
				FRAMEWORK_SEARCH_PATHS = (
					"$(SDKROOT)/Developer/Library/Frameworks",
					"$(inherited)",
				);
				INFOPLIST_FILE = GuardioesTests/Info.plist;
				LD_RUNPATH_SEARCH_PATHS = "$(inherited) @executable_path/Frameworks @loader_path/Frameworks";
				PRODUCT_NAME = "$(TARGET_NAME)";
				TEST_HOST = "$(BUILT_PRODUCTS_DIR)/Guardioes.app/Guardioes";
			};
			name = Release;
		};
/* End XCBuildConfiguration section */

/* Begin XCConfigurationList section */
		AAEB6D8A1B3AEBB400DB52F9 /* Build configuration list for PBXProject "Guardioes" */ = {
			isa = XCConfigurationList;
			buildConfigurations = (
				AAEB6DAC1B3AEBB400DB52F9 /* Debug */,
				AAEB6DAD1B3AEBB400DB52F9 /* Release */,
			);
			defaultConfigurationIsVisible = 0;
			defaultConfigurationName = Release;
		};
		AAEB6DAE1B3AEBB400DB52F9 /* Build configuration list for PBXNativeTarget "Guardioes" */ = {
			isa = XCConfigurationList;
			buildConfigurations = (
				AAEB6DAF1B3AEBB400DB52F9 /* Debug */,
				AAEB6DB01B3AEBB400DB52F9 /* Release */,
			);
			defaultConfigurationIsVisible = 0;
			defaultConfigurationName = Release;
		};
		AAEB6DB11B3AEBB400DB52F9 /* Build configuration list for PBXNativeTarget "GuardioesTests" */ = {
			isa = XCConfigurationList;
			buildConfigurations = (
				AAEB6DB21B3AEBB400DB52F9 /* Debug */,
				AAEB6DB31B3AEBB400DB52F9 /* Release */,
			);
			defaultConfigurationIsVisible = 0;
			defaultConfigurationName = Release;
		};
/* End XCConfigurationList section */
	};
	rootObject = AAEB6D871B3AEBB400DB52F9 /* Project object */;
}
